
Microsoft Visual Studio Solution File, Format Version 12.00
# Visual Studio Version 16
VisualStudioVersion = 16.0.30611.23
MinimumVisualStudioVersion = 10.0.40219.1
Project("{FAE04EC0-301F-11D3-BF4B-00C04F79EFBC}") = "Fonoage_Andreea_Lab5", "Fonoage_Andreea_Lab5.csproj", "{E79022B3-C097-4188-917B-0C6814172530}"
EndProject
Global
	GlobalSection(SolutionConfigurationPlatforms) = preSolution
		Debug|Any CPU = Debug|Any CPU
		Release|Any CPU = Release|Any CPU
	EndGlobalSection
	GlobalSection(ProjectConfigurationPlatforms) = postSolution
		{E79022B3-C097-4188-917B-0C6814172530}.Debug|Any CPU.ActiveCfg = Debug|Any CPU
		{E79022B3-C097-4188-917B-0C6814172530}.Debug|Any CPU.Build.0 = Debug|Any CPU
		{E79022B3-C097-4188-917B-0C6814172530}.Release|Any CPU.ActiveCfg = Release|Any CPU
		{E79022B3-C097-4188-917B-0C6814172530}.Release|Any CPU.Build.0 = Release|Any CPU
	EndGlobalSection
	GlobalSection(SolutionProperties) = preSolution
		HideSolutionNode = FALSE
	EndGlobalSection
	GlobalSection(ExtensibilityGlobals) = postSolution
		SolutionGuid = {67ACCD45-2AC9-4A42-AB2D-C6E38FB5E5CF}
	EndGlobalSection
EndGlobal
